// !$*UTF8*$!
{
	archiveVersion = 1;
	classes = {
	};
	objectVersion = 55;
	objects = {

/* Begin PBXBuildFile section */
		A437C7AF27B0A3EA000A1C6D /* AWSAPIPlugin in Frameworks */ = {isa = PBXBuildFile; productRef = A437C7AE27B0A3EA000A1C6D /* AWSAPIPlugin */; };
		A437C7B127B0A3EA000A1C6D /* AWSCognitoAuthPlugin in Frameworks */ = {isa = PBXBuildFile; productRef = A437C7B027B0A3EA000A1C6D /* AWSCognitoAuthPlugin */; };
		A437C7B327B0A3EA000A1C6D /* Amplify in Frameworks */ = {isa = PBXBuildFile; productRef = A437C7B227B0A3EA000A1C6D /* Amplify */; };
		A437C7B627B0AF01000A1C6D /* Apollo in Frameworks */ = {isa = PBXBuildFile; productRef = A437C7B527B0AF01000A1C6D /* Apollo */; };
		A437C7BC27B0B82E000A1C6D /* API.swift in Sources */ = {isa = PBXBuildFile; fileRef = A437C7BB27B0B82E000A1C6D /* API.swift */; };
		A466E81427B0435C0040B6DD /* AWSAppSync in Frameworks */ = {isa = PBXBuildFile; productRef = A466E81327B0435C0040B6DD /* AWSAppSync */; };
		A466E81627B046CE0040B6DD /* SessionManager.swift in Sources */ = {isa = PBXBuildFile; fileRef = A466E81527B046CE0040B6DD /* SessionManager.swift */; };
		A466E81827B049240040B6DD /* Login.swift in Sources */ = {isa = PBXBuildFile; fileRef = A466E81727B049240040B6DD /* Login.swift */; };
		A466E81A27B04A2B0040B6DD /* SignUp.swift in Sources */ = {isa = PBXBuildFile; fileRef = A466E81927B04A2B0040B6DD /* SignUp.swift */; };
		A466E81C27B04A830040B6DD /* Confirmation.swift in Sources */ = {isa = PBXBuildFile; fileRef = A466E81B27B04A830040B6DD /* Confirmation.swift */; };
		A4713FD227ACB0F0009F6C59 /* BottelApp.swift in Sources */ = {isa = PBXBuildFile; fileRef = A4713FD127ACB0F0009F6C59 /* BottelApp.swift */; };
		A4713FD627ACB0F1009F6C59 /* Assets.xcassets in Resources */ = {isa = PBXBuildFile; fileRef = A4713FD527ACB0F1009F6C59 /* Assets.xcassets */; };
		A4713FD927ACB0F1009F6C59 /* Preview Assets.xcassets in Resources */ = {isa = PBXBuildFile; fileRef = A4713FD827ACB0F1009F6C59 /* Preview Assets.xcassets */; };
		A4713FE327ACB0F1009F6C59 /* BottelTests.swift in Sources */ = {isa = PBXBuildFile; fileRef = A4713FE227ACB0F1009F6C59 /* BottelTests.swift */; };
		A4713FED27ACB0F1009F6C59 /* BottelUITests.swift in Sources */ = {isa = PBXBuildFile; fileRef = A4713FEC27ACB0F1009F6C59 /* BottelUITests.swift */; };
		A4713FEF27ACB0F1009F6C59 /* BottelUITestsLaunchTests.swift in Sources */ = {isa = PBXBuildFile; fileRef = A4713FEE27ACB0F1009F6C59 /* BottelUITestsLaunchTests.swift */; };
		A4713FFF27ACB45C009F6C59 /* ContentView.swift in Sources */ = {isa = PBXBuildFile; fileRef = A4713FFE27ACB45C009F6C59 /* ContentView.swift */; };
		A471400027ACB45C009F6C59 /* ContentView.swift in Sources */ = {isa = PBXBuildFile; fileRef = A4713FFE27ACB45C009F6C59 /* ContentView.swift */; };
		A4986AAC27ADE4F40078FB96 /* Bottle.swift in Sources */ = {isa = PBXBuildFile; fileRef = A4986AAB27ADE4F40078FB96 /* Bottle.swift */; };
		A4986AAD27ADE4F40078FB96 /* Bottle.swift in Sources */ = {isa = PBXBuildFile; fileRef = A4986AAB27ADE4F40078FB96 /* Bottle.swift */; };
		A4986AAF27ADFCD40078FB96 /* BottleView.swift in Sources */ = {isa = PBXBuildFile; fileRef = A4986AAE27ADFCD40078FB96 /* BottleView.swift */; };
		A4986AB027ADFCD40078FB96 /* BottleView.swift in Sources */ = {isa = PBXBuildFile; fileRef = A4986AAE27ADFCD40078FB96 /* BottleView.swift */; };
		A4986AB527AE0CE60078FB96 /* Footer.swift in Sources */ = {isa = PBXBuildFile; fileRef = A4986AB427AE0CE60078FB96 /* Footer.swift */; };
		A4986AB627AE0CE60078FB96 /* Footer.swift in Sources */ = {isa = PBXBuildFile; fileRef = A4986AB427AE0CE60078FB96 /* Footer.swift */; };
		A49D582B27AE2F1900CDB864 /* NewBottle.swift in Sources */ = {isa = PBXBuildFile; fileRef = A49D582A27AE2F1900CDB864 /* NewBottle.swift */; };
		CD021D4621110D2C0979C9C0 /* amplifyconfiguration.json in Resources */ = {isa = PBXBuildFile; fileRef = 3F6D052E360D13AE874C190A /* amplifyconfiguration.json */; };
		EB2759287D3F743B042EC135 /* awsconfiguration.json in Resources */ = {isa = PBXBuildFile; fileRef = 5634D72075834028CF6BEFCD /* awsconfiguration.json */; };
		F8C9403493C0D4F600E6D7D7 /* Scan.vtl in Resources */ = {isa = PBXBuildFile; fileRef = F8C9428F9A4BF212753B85ED /* Scan.vtl */; };
		F8C9425155423876ADADFE81 /* config.tf in Resources */ = {isa = PBXBuildFile; fileRef = F8C9476A7B576E9ACD493FDB /* config.tf */; };
		F8C94258819669F405F7B1D8 /* iam.tf in Resources */ = {isa = PBXBuildFile; fileRef = F8C9482EE511A846DE10BDC9 /* iam.tf */; };
		F8C94259F138D909BB4DB15C /* PutItem.vtl in Resources */ = {isa = PBXBuildFile; fileRef = F8C94B518260714B77DE7B1B /* PutItem.vtl */; };
		F8C943D04A44F0529431DB06 /* vars.tf in Resources */ = {isa = PBXBuildFile; fileRef = F8C948556D1BAB3ED9D3042E /* vars.tf */; };
		F8C944B38E84B2543F6E854E /* schema.graphql in Resources */ = {isa = PBXBuildFile; fileRef = F8C946CFB38BACA3A6D66E13 /* schema.graphql */; };
		F8C9451B1623842FE07DFFF9 /* cognito.tf in Resources */ = {isa = PBXBuildFile; fileRef = F8C94DABD3DE62C23C8DC04B /* cognito.tf */; };
		F8C946B13B8175C5C76B3269 /* tf-plan.yml in Resources */ = {isa = PBXBuildFile; fileRef = F8C949A01CE0460010841AF9 /* tf-plan.yml */; };
		F8C94904BBE9C868B136D244 /* GetItem.vtl in Resources */ = {isa = PBXBuildFile; fileRef = F8C94B1921A057F45975E491 /* GetItem.vtl */; };
		F8C949C9EC1EF42BE76EF9A5 /* UpdateItem.vtl in Resources */ = {isa = PBXBuildFile; fileRef = F8C9418DDADA4125E285602C /* UpdateItem.vtl */; };
		F8C94ACEA7909E487498D8EE /* schema.graphql in Resources */ = {isa = PBXBuildFile; fileRef = F8C9447F979D24A146FFE43F /* schema.graphql */; };
		F8C94B540F9DA08639B2E2CB /* s3.tf in Resources */ = {isa = PBXBuildFile; fileRef = F8C9477200233ECA515DE6BA /* s3.tf */; };
		F8C94B69BC716DBAAC4E9593 /* appsync.tf in Resources */ = {isa = PBXBuildFile; fileRef = F8C942E22025EB23CB80F1B7 /* appsync.tf */; };
		F8C94BFAB1C4105DF8C908E2 /* graphql.yml in Resources */ = {isa = PBXBuildFile; fileRef = F8C9474645A46D13C83FA1F2 /* graphql.yml */; };
		F8C94E6FA57436602C69A07F /* DeleteItem.vtl in Resources */ = {isa = PBXBuildFile; fileRef = F8C9430AF0EA2667BD46115E /* DeleteItem.vtl */; };
		F8C94F2CF9A58DC804F9E6F9 /* tf-apply.yml in Resources */ = {isa = PBXBuildFile; fileRef = F8C94D8350CEF72D456FD0C4 /* tf-apply.yml */; };
/* End PBXBuildFile section */

/* Begin PBXContainerItemProxy section */
		A4713FDF27ACB0F1009F6C59 /* PBXContainerItemProxy */ = {
			isa = PBXContainerItemProxy;
			containerPortal = A4713FC627ACB0F0009F6C59 /* Project object */;
			proxyType = 1;
			remoteGlobalIDString = A4713FCD27ACB0F0009F6C59;
			remoteInfo = Bottel;
		};
		A4713FE927ACB0F1009F6C59 /* PBXContainerItemProxy */ = {
			isa = PBXContainerItemProxy;
			containerPortal = A4713FC627ACB0F0009F6C59 /* Project object */;
			proxyType = 1;
			remoteGlobalIDString = A4713FCD27ACB0F0009F6C59;
			remoteInfo = Bottel;
		};
/* End PBXContainerItemProxy section */

/* Begin PBXFileReference section */
		3F6D052E360D13AE874C190A /* amplifyconfiguration.json */ = {isa = PBXFileReference; explicitFileType = text.json; path = amplifyconfiguration.json; sourceTree = "<group>"; };
		5634D72075834028CF6BEFCD /* awsconfiguration.json */ = {isa = PBXFileReference; explicitFileType = text.json; path = awsconfiguration.json; sourceTree = "<group>"; };
		A437C7BB27B0B82E000A1C6D /* API.swift */ = {isa = PBXFileReference; fileEncoding = 4; lastKnownFileType = sourcecode.swift; path = API.swift; sourceTree = "<group>"; };
		A466E81527B046CE0040B6DD /* SessionManager.swift */ = {isa = PBXFileReference; lastKnownFileType = sourcecode.swift; path = SessionManager.swift; sourceTree = "<group>"; };
		A466E81727B049240040B6DD /* Login.swift */ = {isa = PBXFileReference; lastKnownFileType = sourcecode.swift; path = Login.swift; sourceTree = "<group>"; };
		A466E81927B04A2B0040B6DD /* SignUp.swift */ = {isa = PBXFileReference; lastKnownFileType = sourcecode.swift; path = SignUp.swift; sourceTree = "<group>"; };
		A466E81B27B04A830040B6DD /* Confirmation.swift */ = {isa = PBXFileReference; lastKnownFileType = sourcecode.swift; path = Confirmation.swift; sourceTree = "<group>"; };
		A4713FCE27ACB0F0009F6C59 /* Bottel.app */ = {isa = PBXFileReference; explicitFileType = wrapper.application; includeInIndex = 0; path = Bottel.app; sourceTree = BUILT_PRODUCTS_DIR; };
		A4713FD127ACB0F0009F6C59 /* BottelApp.swift */ = {isa = PBXFileReference; lastKnownFileType = sourcecode.swift; path = BottelApp.swift; sourceTree = "<group>"; };
		A4713FD527ACB0F1009F6C59 /* Assets.xcassets */ = {isa = PBXFileReference; lastKnownFileType = folder.assetcatalog; path = Assets.xcassets; sourceTree = "<group>"; };
		A4713FD827ACB0F1009F6C59 /* Preview Assets.xcassets */ = {isa = PBXFileReference; lastKnownFileType = folder.assetcatalog; path = "Preview Assets.xcassets"; sourceTree = "<group>"; };
		A4713FDE27ACB0F1009F6C59 /* BottelTests.xctest */ = {isa = PBXFileReference; explicitFileType = wrapper.cfbundle; includeInIndex = 0; path = BottelTests.xctest; sourceTree = BUILT_PRODUCTS_DIR; };
		A4713FE227ACB0F1009F6C59 /* BottelTests.swift */ = {isa = PBXFileReference; lastKnownFileType = sourcecode.swift; path = BottelTests.swift; sourceTree = "<group>"; };
		A4713FE827ACB0F1009F6C59 /* BottelUITests.xctest */ = {isa = PBXFileReference; explicitFileType = wrapper.cfbundle; includeInIndex = 0; path = BottelUITests.xctest; sourceTree = BUILT_PRODUCTS_DIR; };
		A4713FEC27ACB0F1009F6C59 /* BottelUITests.swift */ = {isa = PBXFileReference; lastKnownFileType = sourcecode.swift; path = BottelUITests.swift; sourceTree = "<group>"; };
		A4713FEE27ACB0F1009F6C59 /* BottelUITestsLaunchTests.swift */ = {isa = PBXFileReference; lastKnownFileType = sourcecode.swift; path = BottelUITestsLaunchTests.swift; sourceTree = "<group>"; };
		A4713FFE27ACB45C009F6C59 /* ContentView.swift */ = {isa = PBXFileReference; lastKnownFileType = sourcecode.swift; path = ContentView.swift; sourceTree = "<group>"; };
		A4986AAB27ADE4F40078FB96 /* Bottle.swift */ = {isa = PBXFileReference; lastKnownFileType = sourcecode.swift; path = Bottle.swift; sourceTree = "<group>"; };
		A4986AAE27ADFCD40078FB96 /* BottleView.swift */ = {isa = PBXFileReference; lastKnownFileType = sourcecode.swift; path = BottleView.swift; sourceTree = "<group>"; };
		A4986AB427AE0CE60078FB96 /* Footer.swift */ = {isa = PBXFileReference; lastKnownFileType = sourcecode.swift; path = Footer.swift; sourceTree = "<group>"; };
		A49D582A27AE2F1900CDB864 /* NewBottle.swift */ = {isa = PBXFileReference; lastKnownFileType = sourcecode.swift; path = NewBottle.swift; sourceTree = "<group>"; };
		F8C9418DDADA4125E285602C /* UpdateItem.vtl */ = {isa = PBXFileReference; lastKnownFileType = file.vtl; name = UpdateItem.vtl; path = "terraform/resolver-templates/UpdateItem.vtl"; sourceTree = "<group>"; };
		F8C9428F9A4BF212753B85ED /* Scan.vtl */ = {isa = PBXFileReference; lastKnownFileType = file.vtl; name = Scan.vtl; path = "terraform/resolver-templates/Scan.vtl"; sourceTree = "<group>"; };
		F8C942E22025EB23CB80F1B7 /* appsync.tf */ = {isa = PBXFileReference; lastKnownFileType = file.tf; name = appsync.tf; path = terraform/appsync.tf; sourceTree = "<group>"; };
		F8C9430AF0EA2667BD46115E /* DeleteItem.vtl */ = {isa = PBXFileReference; lastKnownFileType = file.vtl; name = DeleteItem.vtl; path = "terraform/resolver-templates/DeleteItem.vtl"; sourceTree = "<group>"; };
		F8C9447F979D24A146FFE43F /* schema.graphql */ = {isa = PBXFileReference; lastKnownFileType = file.graphql; path = schema.graphql; sourceTree = "<group>"; };
		F8C946CFB38BACA3A6D66E13 /* schema.graphql */ = {isa = PBXFileReference; lastKnownFileType = file.graphql; path = schema.graphql; sourceTree = "<group>"; };
		F8C9474645A46D13C83FA1F2 /* graphql.yml */ = {isa = PBXFileReference; fileEncoding = 4; lastKnownFileType = text.yaml; name = graphql.yml; path = .github/workflows/graphql.yml; sourceTree = "<group>"; };
		F8C9476A7B576E9ACD493FDB /* config.tf */ = {isa = PBXFileReference; lastKnownFileType = file.tf; name = config.tf; path = terraform/config.tf; sourceTree = "<group>"; };
		F8C9477200233ECA515DE6BA /* s3.tf */ = {isa = PBXFileReference; lastKnownFileType = file.tf; name = s3.tf; path = terraform/s3.tf; sourceTree = "<group>"; };
		F8C9482EE511A846DE10BDC9 /* iam.tf */ = {isa = PBXFileReference; lastKnownFileType = file.tf; name = iam.tf; path = terraform/iam.tf; sourceTree = "<group>"; };
		F8C948556D1BAB3ED9D3042E /* vars.tf */ = {isa = PBXFileReference; lastKnownFileType = file.tf; name = vars.tf; path = terraform/vars.tf; sourceTree = "<group>"; };
		F8C949A01CE0460010841AF9 /* tf-plan.yml */ = {isa = PBXFileReference; fileEncoding = 4; lastKnownFileType = text.yaml; name = "tf-plan.yml"; path = ".github/workflows/tf-plan.yml"; sourceTree = "<group>"; };
		F8C94B1921A057F45975E491 /* GetItem.vtl */ = {isa = PBXFileReference; lastKnownFileType = file.vtl; name = GetItem.vtl; path = "terraform/resolver-templates/GetItem.vtl"; sourceTree = "<group>"; };
		F8C94B518260714B77DE7B1B /* PutItem.vtl */ = {isa = PBXFileReference; lastKnownFileType = file.vtl; name = PutItem.vtl; path = "terraform/resolver-templates/PutItem.vtl"; sourceTree = "<group>"; };
		F8C94D8350CEF72D456FD0C4 /* tf-apply.yml */ = {isa = PBXFileReference; fileEncoding = 4; lastKnownFileType = text.yaml; name = "tf-apply.yml"; path = ".github/workflows/tf-apply.yml"; sourceTree = "<group>"; };
		F8C94DABD3DE62C23C8DC04B /* cognito.tf */ = {isa = PBXFileReference; lastKnownFileType = file.tf; name = cognito.tf; path = terraform/cognito.tf; sourceTree = "<group>"; };
/* End PBXFileReference section */

/* Begin PBXFrameworksBuildPhase section */
		A4713FCB27ACB0F0009F6C59 /* Frameworks */ = {
			isa = PBXFrameworksBuildPhase;
			buildActionMask = 2147483647;
			files = (
				A437C7B627B0AF01000A1C6D /* Apollo in Frameworks */,
				A437C7AF27B0A3EA000A1C6D /* AWSAPIPlugin in Frameworks */,
				A437C7B327B0A3EA000A1C6D /* Amplify in Frameworks */,
				A466E81427B0435C0040B6DD /* AWSAppSync in Frameworks */,
				A437C7B127B0A3EA000A1C6D /* AWSCognitoAuthPlugin in Frameworks */,
			);
			runOnlyForDeploymentPostprocessing = 0;
		};
		A4713FDB27ACB0F1009F6C59 /* Frameworks */ = {
			isa = PBXFrameworksBuildPhase;
			buildActionMask = 2147483647;
			files = (
			);
			runOnlyForDeploymentPostprocessing = 0;
		};
		A4713FE527ACB0F1009F6C59 /* Frameworks */ = {
			isa = PBXFrameworksBuildPhase;
			buildActionMask = 2147483647;
			files = (
			);
			runOnlyForDeploymentPostprocessing = 0;
		};
/* End PBXFrameworksBuildPhase section */

/* Begin PBXGroup section */
		A4713FC527ACB0F0009F6C59 = {
			isa = PBXGroup;
			children = (
				A4713FD027ACB0F0009F6C59 /* Bottel */,
				A4713FE127ACB0F1009F6C59 /* BottelTests */,
				A4713FEB27ACB0F1009F6C59 /* BottelUITests */,
				A4713FCF27ACB0F0009F6C59 /* Products */,
				F8C949A01CE0460010841AF9 /* tf-plan.yml */,
				F8C9477200233ECA515DE6BA /* s3.tf */,
				F8C9476A7B576E9ACD493FDB /* config.tf */,
				F8C94D8350CEF72D456FD0C4 /* tf-apply.yml */,
				F8C948556D1BAB3ED9D3042E /* vars.tf */,
				F8C946CFB38BACA3A6D66E13 /* schema.graphql */,
				F8C9482EE511A846DE10BDC9 /* iam.tf */,
				F8C94DABD3DE62C23C8DC04B /* cognito.tf */,
				F8C942E22025EB23CB80F1B7 /* appsync.tf */,
				F8C9447F979D24A146FFE43F /* schema.graphql */,
				F8C9418DDADA4125E285602C /* UpdateItem.vtl */,
				F8C94B518260714B77DE7B1B /* PutItem.vtl */,
				F8C94B1921A057F45975E491 /* GetItem.vtl */,
				F8C9428F9A4BF212753B85ED /* Scan.vtl */,
				F8C9430AF0EA2667BD46115E /* DeleteItem.vtl */,
				F8C9474645A46D13C83FA1F2 /* graphql.yml */,
				BD65137EE6CB7D929DEFAD35 /* AmplifyConfig */,
			);
			sourceTree = "<group>";
		};
		A4713FCF27ACB0F0009F6C59 /* Products */ = {
			isa = PBXGroup;
			children = (
				A4713FCE27ACB0F0009F6C59 /* Bottel.app */,
				A4713FDE27ACB0F1009F6C59 /* BottelTests.xctest */,
				A4713FE827ACB0F1009F6C59 /* BottelUITests.xctest */,
			);
			name = Products;
			sourceTree = "<group>";
		};
		A4713FD027ACB0F0009F6C59 /* Bottel */ = {
			isa = PBXGroup;
			children = (
				A437C7BB27B0B82E000A1C6D /* API.swift */,
				A4713FD127ACB0F0009F6C59 /* BottelApp.swift */,
				A4713FD527ACB0F1009F6C59 /* Assets.xcassets */,
				A4713FD727ACB0F1009F6C59 /* Preview Content */,
				A4713FFE27ACB45C009F6C59 /* ContentView.swift */,
				A4986AAB27ADE4F40078FB96 /* Bottle.swift */,
				A4986AAE27ADFCD40078FB96 /* BottleView.swift */,
				A4986AB427AE0CE60078FB96 /* Footer.swift */,
				A49D582A27AE2F1900CDB864 /* NewBottle.swift */,
				A466E81527B046CE0040B6DD /* SessionManager.swift */,
				A466E81727B049240040B6DD /* Login.swift */,
				A466E81927B04A2B0040B6DD /* SignUp.swift */,
				A466E81B27B04A830040B6DD /* Confirmation.swift */,
			);
			path = Bottel;
			sourceTree = "<group>";
		};
		A4713FD727ACB0F1009F6C59 /* Preview Content */ = {
			isa = PBXGroup;
			children = (
				A4713FD827ACB0F1009F6C59 /* Preview Assets.xcassets */,
			);
			path = "Preview Content";
			sourceTree = "<group>";
		};
		A4713FE127ACB0F1009F6C59 /* BottelTests */ = {
			isa = PBXGroup;
			children = (
				A4713FE227ACB0F1009F6C59 /* BottelTests.swift */,
			);
			path = BottelTests;
			sourceTree = "<group>";
		};
		A4713FEB27ACB0F1009F6C59 /* BottelUITests */ = {
			isa = PBXGroup;
			children = (
				A4713FEC27ACB0F1009F6C59 /* BottelUITests.swift */,
				A4713FEE27ACB0F1009F6C59 /* BottelUITestsLaunchTests.swift */,
			);
			path = BottelUITests;
			sourceTree = "<group>";
		};
		BD65137EE6CB7D929DEFAD35 /* AmplifyConfig */ = {
			isa = PBXGroup;
			children = (
				5634D72075834028CF6BEFCD /* awsconfiguration.json */,
				3F6D052E360D13AE874C190A /* amplifyconfiguration.json */,
			);
			name = AmplifyConfig;
			sourceTree = "<group>";
		};
/* End PBXGroup section */

/* Begin PBXNativeTarget section */
		A4713FCD27ACB0F0009F6C59 /* Bottel */ = {
			isa = PBXNativeTarget;
			buildConfigurationList = A4713FF227ACB0F1009F6C59 /* Build configuration list for PBXNativeTarget "Bottel" */;
			buildPhases = (
				A4713FCA27ACB0F0009F6C59 /* Sources */,
				A4713FCB27ACB0F0009F6C59 /* Frameworks */,
				A4713FCC27ACB0F0009F6C59 /* Resources */,
			);
			buildRules = (
			);
			dependencies = (
			);
			name = Bottel;
			packageProductDependencies = (
				A466E81327B0435C0040B6DD /* AWSAppSync */,
				A437C7AE27B0A3EA000A1C6D /* AWSAPIPlugin */,
				A437C7B027B0A3EA000A1C6D /* AWSCognitoAuthPlugin */,
				A437C7B227B0A3EA000A1C6D /* Amplify */,
				A437C7B527B0AF01000A1C6D /* Apollo */,
			);
			productName = Bottel;
			productReference = A4713FCE27ACB0F0009F6C59 /* Bottel.app */;
			productType = "com.apple.product-type.application";
		};
		A4713FDD27ACB0F1009F6C59 /* BottelTests */ = {
			isa = PBXNativeTarget;
			buildConfigurationList = A4713FF527ACB0F1009F6C59 /* Build configuration list for PBXNativeTarget "BottelTests" */;
			buildPhases = (
				A4713FDA27ACB0F1009F6C59 /* Sources */,
				A4713FDB27ACB0F1009F6C59 /* Frameworks */,
				A4713FDC27ACB0F1009F6C59 /* Resources */,
			);
			buildRules = (
			);
			dependencies = (
				A4713FE027ACB0F1009F6C59 /* PBXTargetDependency */,
			);
			name = BottelTests;
			productName = BottelTests;
			productReference = A4713FDE27ACB0F1009F6C59 /* BottelTests.xctest */;
			productType = "com.apple.product-type.bundle.unit-test";
		};
		A4713FE727ACB0F1009F6C59 /* BottelUITests */ = {
			isa = PBXNativeTarget;
			buildConfigurationList = A4713FF827ACB0F1009F6C59 /* Build configuration list for PBXNativeTarget "BottelUITests" */;
			buildPhases = (
				A4713FE427ACB0F1009F6C59 /* Sources */,
				A4713FE527ACB0F1009F6C59 /* Frameworks */,
				A4713FE627ACB0F1009F6C59 /* Resources */,
			);
			buildRules = (
			);
			dependencies = (
				A4713FEA27ACB0F1009F6C59 /* PBXTargetDependency */,
			);
			name = BottelUITests;
			productName = BottelUITests;
			productReference = A4713FE827ACB0F1009F6C59 /* BottelUITests.xctest */;
			productType = "com.apple.product-type.bundle.ui-testing";
		};
/* End PBXNativeTarget section */

/* Begin PBXProject section */
		A4713FC627ACB0F0009F6C59 /* Project object */ = {
			isa = PBXProject;
			attributes = {
				BuildIndependentTargetsInParallel = 1;
				LastSwiftUpdateCheck = 1320;
				LastUpgradeCheck = 1320;
				TargetAttributes = {
					A4713FCD27ACB0F0009F6C59 = {
						CreatedOnToolsVersion = 13.2.1;
					};
					A4713FDD27ACB0F1009F6C59 = {
						CreatedOnToolsVersion = 13.2.1;
						TestTargetID = A4713FCD27ACB0F0009F6C59;
					};
					A4713FE727ACB0F1009F6C59 = {
						CreatedOnToolsVersion = 13.2.1;
						TestTargetID = A4713FCD27ACB0F0009F6C59;
					};
				};
			};
			buildConfigurationList = A4713FC927ACB0F0009F6C59 /* Build configuration list for PBXProject "Bottel" */;
			compatibilityVersion = "Xcode 13.0";
			developmentRegion = en;
			hasScannedForEncodings = 0;
			knownRegions = (
				en,
				Base,
			);
			mainGroup = A4713FC527ACB0F0009F6C59;
			packageReferences = (
				A466E81227B0435C0040B6DD /* XCRemoteSwiftPackageReference "aws-mobile-appsync-sdk-ios" */,
				A437C7AD27B0A3EA000A1C6D /* XCRemoteSwiftPackageReference "amplify-ios" */,
				A437C7B427B0AF01000A1C6D /* XCRemoteSwiftPackageReference "apollo-ios" */,
			);
			productRefGroup = A4713FCF27ACB0F0009F6C59 /* Products */;
			projectDirPath = "";
			projectRoot = "";
			targets = (
				A4713FCD27ACB0F0009F6C59 /* Bottel */,
				A4713FDD27ACB0F1009F6C59 /* BottelTests */,
				A4713FE727ACB0F1009F6C59 /* BottelUITests */,
			);
		};
/* End PBXProject section */

/* Begin PBXResourcesBuildPhase section */
		A4713FCC27ACB0F0009F6C59 /* Resources */ = {
			isa = PBXResourcesBuildPhase;
			buildActionMask = 2147483647;
			files = (
				A4713FD927ACB0F1009F6C59 /* Preview Assets.xcassets in Resources */,
				A4713FD627ACB0F1009F6C59 /* Assets.xcassets in Resources */,
				F8C946B13B8175C5C76B3269 /* tf-plan.yml in Resources */,
				F8C94B540F9DA08639B2E2CB /* s3.tf in Resources */,
				F8C9425155423876ADADFE81 /* config.tf in Resources */,
				F8C94F2CF9A58DC804F9E6F9 /* tf-apply.yml in Resources */,
				F8C943D04A44F0529431DB06 /* vars.tf in Resources */,
				F8C944B38E84B2543F6E854E /* schema.graphql in Resources */,
				F8C94258819669F405F7B1D8 /* iam.tf in Resources */,
				F8C9451B1623842FE07DFFF9 /* cognito.tf in Resources */,
				F8C94B69BC716DBAAC4E9593 /* appsync.tf in Resources */,
				F8C94ACEA7909E487498D8EE /* schema.graphql in Resources */,
				F8C949C9EC1EF42BE76EF9A5 /* UpdateItem.vtl in Resources */,
				F8C94259F138D909BB4DB15C /* PutItem.vtl in Resources */,
				F8C94904BBE9C868B136D244 /* GetItem.vtl in Resources */,
				F8C9403493C0D4F600E6D7D7 /* Scan.vtl in Resources */,
				F8C94E6FA57436602C69A07F /* DeleteItem.vtl in Resources */,
				F8C94BFAB1C4105DF8C908E2 /* graphql.yml in Resources */,
				EB2759287D3F743B042EC135 /* awsconfiguration.json in Resources */,
				CD021D4621110D2C0979C9C0 /* amplifyconfiguration.json in Resources */,
			);
			runOnlyForDeploymentPostprocessing = 0;
		};
		A4713FDC27ACB0F1009F6C59 /* Resources */ = {
			isa = PBXResourcesBuildPhase;
			buildActionMask = 2147483647;
			files = (
			);
			runOnlyForDeploymentPostprocessing = 0;
		};
		A4713FE627ACB0F1009F6C59 /* Resources */ = {
			isa = PBXResourcesBuildPhase;
			buildActionMask = 2147483647;
			files = (
			);
			runOnlyForDeploymentPostprocessing = 0;
		};
/* End PBXResourcesBuildPhase section */

/* Begin PBXSourcesBuildPhase section */
		A4713FCA27ACB0F0009F6C59 /* Sources */ = {
			isa = PBXSourcesBuildPhase;
			buildActionMask = 2147483647;
			files = (
				A437C7BC27B0B82E000A1C6D /* API.swift in Sources */,
				A4986AB527AE0CE60078FB96 /* Footer.swift in Sources */,
				A4986AAF27ADFCD40078FB96 /* BottleView.swift in Sources */,
				A4713FFF27ACB45C009F6C59 /* ContentView.swift in Sources */,
				A4986AAC27ADE4F40078FB96 /* Bottle.swift in Sources */,
				A466E81C27B04A830040B6DD /* Confirmation.swift in Sources */,
				A49D582B27AE2F1900CDB864 /* NewBottle.swift in Sources */,
				A466E81827B049240040B6DD /* Login.swift in Sources */,
				A466E81627B046CE0040B6DD /* SessionManager.swift in Sources */,
				A4713FD227ACB0F0009F6C59 /* BottelApp.swift in Sources */,
				A466E81A27B04A2B0040B6DD /* SignUp.swift in Sources */,
			);
			runOnlyForDeploymentPostprocessing = 0;
		};
		A4713FDA27ACB0F1009F6C59 /* Sources */ = {
			isa = PBXSourcesBuildPhase;
			buildActionMask = 2147483647;
			files = (
				A4986AB627AE0CE60078FB96 /* Footer.swift in Sources */,
				A4986AB027ADFCD40078FB96 /* BottleView.swift in Sources */,
				A471400027ACB45C009F6C59 /* ContentView.swift in Sources */,
				A4986AAD27ADE4F40078FB96 /* Bottle.swift in Sources */,
				A4713FE327ACB0F1009F6C59 /* BottelTests.swift in Sources */,
			);
			runOnlyForDeploymentPostprocessing = 0;
		};
		A4713FE427ACB0F1009F6C59 /* Sources */ = {
			isa = PBXSourcesBuildPhase;
			buildActionMask = 2147483647;
			files = (
				A4713FEF27ACB0F1009F6C59 /* BottelUITestsLaunchTests.swift in Sources */,
				A4713FED27ACB0F1009F6C59 /* BottelUITests.swift in Sources */,
			);
			runOnlyForDeploymentPostprocessing = 0;
		};
/* End PBXSourcesBuildPhase section */

/* Begin PBXTargetDependency section */
		A4713FE027ACB0F1009F6C59 /* PBXTargetDependency */ = {
			isa = PBXTargetDependency;
			target = A4713FCD27ACB0F0009F6C59 /* Bottel */;
			targetProxy = A4713FDF27ACB0F1009F6C59 /* PBXContainerItemProxy */;
		};
		A4713FEA27ACB0F1009F6C59 /* PBXTargetDependency */ = {
			isa = PBXTargetDependency;
			target = A4713FCD27ACB0F0009F6C59 /* Bottel */;
			targetProxy = A4713FE927ACB0F1009F6C59 /* PBXContainerItemProxy */;
		};
/* End PBXTargetDependency section */

/* Begin XCBuildConfiguration section */
		A4713FF027ACB0F1009F6C59 /* Debug */ = {
			isa = XCBuildConfiguration;
			buildSettings = {
				ALWAYS_SEARCH_USER_PATHS = NO;
				CLANG_ANALYZER_NONNULL = YES;
				CLANG_ANALYZER_NUMBER_OBJECT_CONVERSION = YES_AGGRESSIVE;
				CLANG_CXX_LANGUAGE_STANDARD = "gnu++17";
				CLANG_CXX_LIBRARY = "libc++";
				CLANG_ENABLE_MODULES = YES;
				CLANG_ENABLE_OBJC_ARC = YES;
				CLANG_ENABLE_OBJC_WEAK = YES;
				CLANG_WARN_BLOCK_CAPTURE_AUTORELEASING = YES;
				CLANG_WARN_BOOL_CONVERSION = YES;
				CLANG_WARN_COMMA = YES;
				CLANG_WARN_CONSTANT_CONVERSION = YES;
				CLANG_WARN_DEPRECATED_OBJC_IMPLEMENTATIONS = YES;
				CLANG_WARN_DIRECT_OBJC_ISA_USAGE = YES_ERROR;
				CLANG_WARN_DOCUMENTATION_COMMENTS = YES;
				CLANG_WARN_EMPTY_BODY = YES;
				CLANG_WARN_ENUM_CONVERSION = YES;
				CLANG_WARN_INFINITE_RECURSION = YES;
				CLANG_WARN_INT_CONVERSION = YES;
				CLANG_WARN_NON_LITERAL_NULL_CONVERSION = YES;
				CLANG_WARN_OBJC_IMPLICIT_RETAIN_SELF = YES;
				CLANG_WARN_OBJC_LITERAL_CONVERSION = YES;
				CLANG_WARN_OBJC_ROOT_CLASS = YES_ERROR;
				CLANG_WARN_QUOTED_INCLUDE_IN_FRAMEWORK_HEADER = YES;
				CLANG_WARN_RANGE_LOOP_ANALYSIS = YES;
				CLANG_WARN_STRICT_PROTOTYPES = YES;
				CLANG_WARN_SUSPICIOUS_MOVE = YES;
				CLANG_WARN_UNGUARDED_AVAILABILITY = YES_AGGRESSIVE;
				CLANG_WARN_UNREACHABLE_CODE = YES;
				CLANG_WARN__DUPLICATE_METHOD_MATCH = YES;
				COPY_PHASE_STRIP = NO;
				DEBUG_INFORMATION_FORMAT = dwarf;
				ENABLE_STRICT_OBJC_MSGSEND = YES;
				ENABLE_TESTABILITY = YES;
				GCC_C_LANGUAGE_STANDARD = gnu11;
				GCC_DYNAMIC_NO_PIC = NO;
				GCC_NO_COMMON_BLOCKS = YES;
				GCC_OPTIMIZATION_LEVEL = 0;
				GCC_PREPROCESSOR_DEFINITIONS = (
					"DEBUG=1",
					"$(inherited)",
				);
				GCC_WARN_64_TO_32_BIT_CONVERSION = YES;
				GCC_WARN_ABOUT_RETURN_TYPE = YES_ERROR;
				GCC_WARN_UNDECLARED_SELECTOR = YES;
				GCC_WARN_UNINITIALIZED_AUTOS = YES_AGGRESSIVE;
				GCC_WARN_UNUSED_FUNCTION = YES;
				GCC_WARN_UNUSED_VARIABLE = YES;
				IPHONEOS_DEPLOYMENT_TARGET = 15.2;
				MTL_ENABLE_DEBUG_INFO = INCLUDE_SOURCE;
				MTL_FAST_MATH = YES;
				ONLY_ACTIVE_ARCH = YES;
				SDKROOT = iphoneos;
				SWIFT_ACTIVE_COMPILATION_CONDITIONS = DEBUG;
				SWIFT_OPTIMIZATION_LEVEL = "-Onone";
			};
			name = Debug;
		};
		A4713FF127ACB0F1009F6C59 /* Release */ = {
			isa = XCBuildConfiguration;
			buildSettings = {
				ALWAYS_SEARCH_USER_PATHS = NO;
				CLANG_ANALYZER_NONNULL = YES;
				CLANG_ANALYZER_NUMBER_OBJECT_CONVERSION = YES_AGGRESSIVE;
				CLANG_CXX_LANGUAGE_STANDARD = "gnu++17";
				CLANG_CXX_LIBRARY = "libc++";
				CLANG_ENABLE_MODULES = YES;
				CLANG_ENABLE_OBJC_ARC = YES;
				CLANG_ENABLE_OBJC_WEAK = YES;
				CLANG_WARN_BLOCK_CAPTURE_AUTORELEASING = YES;
				CLANG_WARN_BOOL_CONVERSION = YES;
				CLANG_WARN_COMMA = YES;
				CLANG_WARN_CONSTANT_CONVERSION = YES;
				CLANG_WARN_DEPRECATED_OBJC_IMPLEMENTATIONS = YES;
				CLANG_WARN_DIRECT_OBJC_ISA_USAGE = YES_ERROR;
				CLANG_WARN_DOCUMENTATION_COMMENTS = YES;
				CLANG_WARN_EMPTY_BODY = YES;
				CLANG_WARN_ENUM_CONVERSION = YES;
				CLANG_WARN_INFINITE_RECURSION = YES;
				CLANG_WARN_INT_CONVERSION = YES;
				CLANG_WARN_NON_LITERAL_NULL_CONVERSION = YES;
				CLANG_WARN_OBJC_IMPLICIT_RETAIN_SELF = YES;
				CLANG_WARN_OBJC_LITERAL_CONVERSION = YES;
				CLANG_WARN_OBJC_ROOT_CLASS = YES_ERROR;
				CLANG_WARN_QUOTED_INCLUDE_IN_FRAMEWORK_HEADER = YES;
				CLANG_WARN_RANGE_LOOP_ANALYSIS = YES;
				CLANG_WARN_STRICT_PROTOTYPES = YES;
				CLANG_WARN_SUSPICIOUS_MOVE = YES;
				CLANG_WARN_UNGUARDED_AVAILABILITY = YES_AGGRESSIVE;
				CLANG_WARN_UNREACHABLE_CODE = YES;
				CLANG_WARN__DUPLICATE_METHOD_MATCH = YES;
				COPY_PHASE_STRIP = NO;
				DEBUG_INFORMATION_FORMAT = "dwarf-with-dsym";
				ENABLE_NS_ASSERTIONS = NO;
				ENABLE_STRICT_OBJC_MSGSEND = YES;
				GCC_C_LANGUAGE_STANDARD = gnu11;
				GCC_NO_COMMON_BLOCKS = YES;
				GCC_WARN_64_TO_32_BIT_CONVERSION = YES;
				GCC_WARN_ABOUT_RETURN_TYPE = YES_ERROR;
				GCC_WARN_UNDECLARED_SELECTOR = YES;
				GCC_WARN_UNINITIALIZED_AUTOS = YES_AGGRESSIVE;
				GCC_WARN_UNUSED_FUNCTION = YES;
				GCC_WARN_UNUSED_VARIABLE = YES;
				IPHONEOS_DEPLOYMENT_TARGET = 15.2;
				MTL_ENABLE_DEBUG_INFO = NO;
				MTL_FAST_MATH = YES;
				SDKROOT = iphoneos;
				SWIFT_COMPILATION_MODE = wholemodule;
				SWIFT_OPTIMIZATION_LEVEL = "-O";
				VALIDATE_PRODUCT = YES;
			};
			name = Release;
		};
		A4713FF327ACB0F1009F6C59 /* Debug */ = {
			isa = XCBuildConfiguration;
			buildSettings = {
				ASSETCATALOG_COMPILER_APPICON_NAME = AppIcon;
				ASSETCATALOG_COMPILER_GLOBAL_ACCENT_COLOR_NAME = AccentColor;
				CODE_SIGN_STYLE = Automatic;
				CURRENT_PROJECT_VERSION = 1;
				DEVELOPMENT_ASSET_PATHS = "\"Bottel/Preview Content\"";
				DEVELOPMENT_TEAM = T8NJJ9T24F;
				ENABLE_PREVIEWS = YES;
				GENERATE_INFOPLIST_FILE = YES;
				INFOPLIST_KEY_UIApplicationSceneManifest_Generation = YES;
				INFOPLIST_KEY_UIApplicationSupportsIndirectInputEvents = YES;
				INFOPLIST_KEY_UILaunchScreen_Generation = YES;
				INFOPLIST_KEY_UISupportedInterfaceOrientations_iPad = "UIInterfaceOrientationPortrait UIInterfaceOrientationPortraitUpsideDown UIInterfaceOrientationLandscapeLeft UIInterfaceOrientationLandscapeRight";
				INFOPLIST_KEY_UISupportedInterfaceOrientations_iPhone = "UIInterfaceOrientationPortrait UIInterfaceOrientationLandscapeLeft UIInterfaceOrientationLandscapeRight";
				LD_RUNPATH_SEARCH_PATHS = (
					"$(inherited)",
					"@executable_path/Frameworks",
				);
				MARKETING_VERSION = 1.0;
				PRODUCT_BUNDLE_IDENTIFIER = com.Bottel;
				PRODUCT_NAME = "$(TARGET_NAME)";
				SWIFT_EMIT_LOC_STRINGS = YES;
				SWIFT_VERSION = 5.0;
				TARGETED_DEVICE_FAMILY = "1,2";
			};
			name = Debug;
		};
		A4713FF427ACB0F1009F6C59 /* Release */ = {
			isa = XCBuildConfiguration;
			buildSettings = {
				ASSETCATALOG_COMPILER_APPICON_NAME = AppIcon;
				ASSETCATALOG_COMPILER_GLOBAL_ACCENT_COLOR_NAME = AccentColor;
				CODE_SIGN_STYLE = Automatic;
				CURRENT_PROJECT_VERSION = 1;
				DEVELOPMENT_ASSET_PATHS = "\"Bottel/Preview Content\"";
				DEVELOPMENT_TEAM = T8NJJ9T24F;
				ENABLE_PREVIEWS = YES;
				GENERATE_INFOPLIST_FILE = YES;
				INFOPLIST_KEY_UIApplicationSceneManifest_Generation = YES;
				INFOPLIST_KEY_UIApplicationSupportsIndirectInputEvents = YES;
				INFOPLIST_KEY_UILaunchScreen_Generation = YES;
				INFOPLIST_KEY_UISupportedInterfaceOrientations_iPad = "UIInterfaceOrientationPortrait UIInterfaceOrientationPortraitUpsideDown UIInterfaceOrientationLandscapeLeft UIInterfaceOrientationLandscapeRight";
				INFOPLIST_KEY_UISupportedInterfaceOrientations_iPhone = "UIInterfaceOrientationPortrait UIInterfaceOrientationLandscapeLeft UIInterfaceOrientationLandscapeRight";
				LD_RUNPATH_SEARCH_PATHS = (
					"$(inherited)",
					"@executable_path/Frameworks",
				);
				MARKETING_VERSION = 1.0;
				PRODUCT_BUNDLE_IDENTIFIER = com.Bottel;
				PRODUCT_NAME = "$(TARGET_NAME)";
				SWIFT_EMIT_LOC_STRINGS = YES;
				SWIFT_VERSION = 5.0;
				TARGETED_DEVICE_FAMILY = "1,2";
			};
			name = Release;
		};
		A4713FF627ACB0F1009F6C59 /* Debug */ = {
			isa = XCBuildConfiguration;
			buildSettings = {
				ALWAYS_EMBED_SWIFT_STANDARD_LIBRARIES = YES;
				BUNDLE_LOADER = "$(TEST_HOST)";
				CODE_SIGN_STYLE = Automatic;
				CURRENT_PROJECT_VERSION = 1;
				DEVELOPMENT_TEAM = T8NJJ9T24F;
				GENERATE_INFOPLIST_FILE = YES;
				IPHONEOS_DEPLOYMENT_TARGET = 15.2;
				MARKETING_VERSION = 1.0;
				PRODUCT_BUNDLE_IDENTIFIER = com.BottelTests;
				PRODUCT_NAME = "$(TARGET_NAME)";
				SWIFT_EMIT_LOC_STRINGS = NO;
				SWIFT_VERSION = 5.0;
				TARGETED_DEVICE_FAMILY = "1,2";
				TEST_HOST = "$(BUILT_PRODUCTS_DIR)/Bottel.app/Bottel";
			};
			name = Debug;
		};
		A4713FF727ACB0F1009F6C59 /* Release */ = {
			isa = XCBuildConfiguration;
			buildSettings = {
				ALWAYS_EMBED_SWIFT_STANDARD_LIBRARIES = YES;
				BUNDLE_LOADER = "$(TEST_HOST)";
				CODE_SIGN_STYLE = Automatic;
				CURRENT_PROJECT_VERSION = 1;
				DEVELOPMENT_TEAM = T8NJJ9T24F;
				GENERATE_INFOPLIST_FILE = YES;
				IPHONEOS_DEPLOYMENT_TARGET = 15.2;
				MARKETING_VERSION = 1.0;
				PRODUCT_BUNDLE_IDENTIFIER = com.BottelTests;
				PRODUCT_NAME = "$(TARGET_NAME)";
				SWIFT_EMIT_LOC_STRINGS = NO;
				SWIFT_VERSION = 5.0;
				TARGETED_DEVICE_FAMILY = "1,2";
				TEST_HOST = "$(BUILT_PRODUCTS_DIR)/Bottel.app/Bottel";
			};
			name = Release;
		};
		A4713FF927ACB0F1009F6C59 /* Debug */ = {
			isa = XCBuildConfiguration;
			buildSettings = {
				ALWAYS_EMBED_SWIFT_STANDARD_LIBRARIES = YES;
				CODE_SIGN_STYLE = Automatic;
				CURRENT_PROJECT_VERSION = 1;
				DEVELOPMENT_TEAM = T8NJJ9T24F;
				GENERATE_INFOPLIST_FILE = YES;
				MARKETING_VERSION = 1.0;
				PRODUCT_BUNDLE_IDENTIFIER = com.BottelUITests;
				PRODUCT_NAME = "$(TARGET_NAME)";
				SWIFT_EMIT_LOC_STRINGS = NO;
				SWIFT_VERSION = 5.0;
				TARGETED_DEVICE_FAMILY = "1,2";
				TEST_TARGET_NAME = Bottel;
			};
			name = Debug;
		};
		A4713FFA27ACB0F1009F6C59 /* Release */ = {
			isa = XCBuildConfiguration;
			buildSettings = {
				ALWAYS_EMBED_SWIFT_STANDARD_LIBRARIES = YES;
				CODE_SIGN_STYLE = Automatic;
				CURRENT_PROJECT_VERSION = 1;
				DEVELOPMENT_TEAM = T8NJJ9T24F;
				GENERATE_INFOPLIST_FILE = YES;
				MARKETING_VERSION = 1.0;
				PRODUCT_BUNDLE_IDENTIFIER = com.BottelUITests;
				PRODUCT_NAME = "$(TARGET_NAME)";
				SWIFT_EMIT_LOC_STRINGS = NO;
				SWIFT_VERSION = 5.0;
				TARGETED_DEVICE_FAMILY = "1,2";
				TEST_TARGET_NAME = Bottel;
			};
			name = Release;
		};
/* End XCBuildConfiguration section */

/* Begin XCConfigurationList section */
		A4713FC927ACB0F0009F6C59 /* Build configuration list for PBXProject "Bottel" */ = {
			isa = XCConfigurationList;
			buildConfigurations = (
				A4713FF027ACB0F1009F6C59 /* Debug */,
				A4713FF127ACB0F1009F6C59 /* Release */,
			);
			defaultConfigurationIsVisible = 0;
			defaultConfigurationName = Release;
		};
		A4713FF227ACB0F1009F6C59 /* Build configuration list for PBXNativeTarget "Bottel" */ = {
			isa = XCConfigurationList;
			buildConfigurations = (
				A4713FF327ACB0F1009F6C59 /* Debug */,
				A4713FF427ACB0F1009F6C59 /* Release */,
			);
			defaultConfigurationIsVisible = 0;
			defaultConfigurationName = Release;
		};
		A4713FF527ACB0F1009F6C59 /* Build configuration list for PBXNativeTarget "BottelTests" */ = {
			isa = XCConfigurationList;
			buildConfigurations = (
				A4713FF627ACB0F1009F6C59 /* Debug */,
				A4713FF727ACB0F1009F6C59 /* Release */,
			);
			defaultConfigurationIsVisible = 0;
			defaultConfigurationName = Release;
		};
		A4713FF827ACB0F1009F6C59 /* Build configuration list for PBXNativeTarget "BottelUITests" */ = {
			isa = XCConfigurationList;
			buildConfigurations = (
				A4713FF927ACB0F1009F6C59 /* Debug */,
				A4713FFA27ACB0F1009F6C59 /* Release */,
			);
			defaultConfigurationIsVisible = 0;
			defaultConfigurationName = Release;
		};
/* End XCConfigurationList section */

/* Begin XCRemoteSwiftPackageReference section */
		A437C7AD27B0A3EA000A1C6D /* XCRemoteSwiftPackageReference "amplify-ios" */ = {
			isa = XCRemoteSwiftPackageReference;
			repositoryURL = "https://github.com/aws-amplify/amplify-ios";
			requirement = {
				branch = main;
				kind = branch;
			};
		};
		A437C7B427B0AF01000A1C6D /* XCRemoteSwiftPackageReference "apollo-ios" */ = {
			isa = XCRemoteSwiftPackageReference;
			repositoryURL = "https://github.com/apollographql/apollo-ios";
			requirement = {
				kind = upToNextMajorVersion;
				minimumVersion = 0.9.5;
			};
		};
		A466E81227B0435C0040B6DD /* XCRemoteSwiftPackageReference "aws-mobile-appsync-sdk-ios" */ = {
			isa = XCRemoteSwiftPackageReference;
			repositoryURL = "https://github.com/awslabs/aws-mobile-appsync-sdk-ios";
			requirement = {
				branch = main;
				kind = branch;
			};
		};
/* End XCRemoteSwiftPackageReference section */

/* Begin XCSwiftPackageProductDependency section */
		A437C7AE27B0A3EA000A1C6D /* AWSAPIPlugin */ = {
			isa = XCSwiftPackageProductDependency;
			package = A437C7AD27B0A3EA000A1C6D /* XCRemoteSwiftPackageReference "amplify-ios" */;
			productName = AWSAPIPlugin;
		};
		A437C7B027B0A3EA000A1C6D /* AWSCognitoAuthPlugin */ = {
			isa = XCSwiftPackageProductDependency;
			package = A437C7AD27B0A3EA000A1C6D /* XCRemoteSwiftPackageReference "amplify-ios" */;
			productName = AWSCognitoAuthPlugin;
		};
		A437C7B227B0A3EA000A1C6D /* Amplify */ = {
			isa = XCSwiftPackageProductDependency;
			package = A437C7AD27B0A3EA000A1C6D /* XCRemoteSwiftPackageReference "amplify-ios" */;
			productName = Amplify;
		};
		A437C7B527B0AF01000A1C6D /* Apollo */ = {
			isa = XCSwiftPackageProductDependency;
			package = A437C7B427B0AF01000A1C6D /* XCRemoteSwiftPackageReference "apollo-ios" */;
			productName = Apollo;
		};
		A466E81327B0435C0040B6DD /* AWSAppSync */ = {
			isa = XCSwiftPackageProductDependency;
			package = A466E81227B0435C0040B6DD /* XCRemoteSwiftPackageReference "aws-mobile-appsync-sdk-ios" */;
			productName = AWSAppSync;
		};
/* End XCSwiftPackageProductDependency section */
	};
	rootObject = A4713FC627ACB0F0009F6C59 /* Project object */;
}
